// !$*UTF8*$!
{
	archiveVersion = 1;
	classes = {
	};
	objectVersion = 46;
	objects = {

/* Begin PBXBuildFile section */
		9C1D66021BB12E6700E6D716 /* AppDelegate.swift in Sources */ = {isa = PBXBuildFile; fileRef = 9C1D66011BB12E6700E6D716 /* AppDelegate.swift */; };
		9C1D66041BB12E6700E6D716 /* ViewController.swift in Sources */ = {isa = PBXBuildFile; fileRef = 9C1D66031BB12E6700E6D716 /* ViewController.swift */; };
		9C1D66071BB12E6700E6D716 /* Main.storyboard in Resources */ = {isa = PBXBuildFile; fileRef = 9C1D66051BB12E6700E6D716 /* Main.storyboard */; };
		9C1D66091BB12E6700E6D716 /* Images.xcassets in Resources */ = {isa = PBXBuildFile; fileRef = 9C1D66081BB12E6700E6D716 /* Images.xcassets */; };
		9C1D660C1BB12E6700E6D716 /* LaunchScreen.xib in Resources */ = {isa = PBXBuildFile; fileRef = 9C1D660A1BB12E6700E6D716 /* LaunchScreen.xib */; };
		9C1D66181BB12E6700E6D716 /* WJFanFanGameDemoTests.swift in Sources */ = {isa = PBXBuildFile; fileRef = 9C1D66171BB12E6700E6D716 /* WJFanFanGameDemoTests.swift */; };
		9C1D66241BB1306B00E6D716 /* FanFanViewController.swift in Sources */ = {isa = PBXBuildFile; fileRef = 9C1D66231BB1306B00E6D716 /* FanFanViewController.swift */; };
		9C1D66281BB13CBD00E6D716 /* MyImageView.swift in Sources */ = {isa = PBXBuildFile; fileRef = 9C1D66271BB13CBD00E6D716 /* MyImageView.swift */; };
		9C4CB8981BB237B10030BFB1 /* bg.mp3 in Resources */ = {isa = PBXBuildFile; fileRef = 9C4CB8671BB237B10030BFB1 /* bg.mp3 */; settings = {ASSET_TAGS = (); }; };
		9C4CB8991BB237B10030BFB1 /* bird1.png in Resources */ = {isa = PBXBuildFile; fileRef = 9C4CB8681BB237B10030BFB1 /* bird1.png */; settings = {ASSET_TAGS = (); }; };
		9C4CB89A1BB237B10030BFB1 /* bird2.png in Resources */ = {isa = PBXBuildFile; fileRef = 9C4CB8691BB237B10030BFB1 /* bird2.png */; settings = {ASSET_TAGS = (); }; };
		9C4CB89B1BB237B10030BFB1 /* bird3.png in Resources */ = {isa = PBXBuildFile; fileRef = 9C4CB86A1BB237B10030BFB1 /* bird3.png */; settings = {ASSET_TAGS = (); }; };
		9C4CB89C1BB237B10030BFB1 /* bird4.png in Resources */ = {isa = PBXBuildFile; fileRef = 9C4CB86B1BB237B10030BFB1 /* bird4.png */; settings = {ASSET_TAGS = (); }; };
		9C4CB89D1BB237B10030BFB1 /* bird5.png in Resources */ = {isa = PBXBuildFile; fileRef = 9C4CB86C1BB237B10030BFB1 /* bird5.png */; settings = {ASSET_TAGS = (); }; };
		9C4CB89E1BB237B10030BFB1 /* bird6.png in Resources */ = {isa = PBXBuildFile; fileRef = 9C4CB86D1BB237B10030BFB1 /* bird6.png */; settings = {ASSET_TAGS = (); }; };
		9C4CB89F1BB237B10030BFB1 /* bird7.png in Resources */ = {isa = PBXBuildFile; fileRef = 9C4CB86E1BB237B10030BFB1 /* bird7.png */; settings = {ASSET_TAGS = (); }; };
		9C4CB8A01BB237B10030BFB1 /* box.png in Resources */ = {isa = PBXBuildFile; fileRef = 9C4CB86F1BB237B10030BFB1 /* box.png */; settings = {ASSET_TAGS = (); }; };
		9C4CB8A11BB237B10030BFB1 /* click.mp3 in Resources */ = {isa = PBXBuildFile; fileRef = 9C4CB8701BB237B10030BFB1 /* click.mp3 */; settings = {ASSET_TAGS = (); }; };
		9C4CB8A21BB237B10030BFB1 /* congratulation1.png in Resources */ = {isa = PBXBuildFile; fileRef = 9C4CB8711BB237B10030BFB1 /* congratulation1.png */; settings = {ASSET_TAGS = (); }; };
		9C4CB8A31BB237B10030BFB1 /* congratulation10.png in Resources */ = {isa = PBXBuildFile; fileRef = 9C4CB8721BB237B10030BFB1 /* congratulation10.png */; settings = {ASSET_TAGS = (); }; };
		9C4CB8A41BB237B10030BFB1 /* congratulation11.png in Resources */ = {isa = PBXBuildFile; fileRef = 9C4CB8731BB237B10030BFB1 /* congratulation11.png */; settings = {ASSET_TAGS = (); }; };
		9C4CB8A51BB237B10030BFB1 /* congratulation12.png in Resources */ = {isa = PBXBuildFile; fileRef = 9C4CB8741BB237B10030BFB1 /* congratulation12.png */; settings = {ASSET_TAGS = (); }; };
		9C4CB8A61BB237B10030BFB1 /* congratulation2.png in Resources */ = {isa = PBXBuildFile; fileRef = 9C4CB8751BB237B10030BFB1 /* congratulation2.png */; settings = {ASSET_TAGS = (); }; };
		9C4CB8A71BB237B10030BFB1 /* congratulation3.png in Resources */ = {isa = PBXBuildFile; fileRef = 9C4CB8761BB237B10030BFB1 /* congratulation3.png */; settings = {ASSET_TAGS = (); }; };
		9C4CB8A81BB237B10030BFB1 /* congratulation4.png in Resources */ = {isa = PBXBuildFile; fileRef = 9C4CB8771BB237B10030BFB1 /* congratulation4.png */; settings = {ASSET_TAGS = (); }; };
		9C4CB8A91BB237B10030BFB1 /* congratulation5.png in Resources */ = {isa = PBXBuildFile; fileRef = 9C4CB8781BB237B10030BFB1 /* congratulation5.png */; settings = {ASSET_TAGS = (); }; };
		9C4CB8AA1BB237B10030BFB1 /* congratulation6.png in Resources */ = {isa = PBXBuildFile; fileRef = 9C4CB8791BB237B10030BFB1 /* congratulation6.png */; settings = {ASSET_TAGS = (); }; };
		9C4CB8AB1BB237B10030BFB1 /* congratulation7.png in Resources */ = {isa = PBXBuildFile; fileRef = 9C4CB87A1BB237B10030BFB1 /* congratulation7.png */; settings = {ASSET_TAGS = (); }; };
		9C4CB8AC1BB237B10030BFB1 /* congratulation8.png in Resources */ = {isa = PBXBuildFile; fileRef = 9C4CB87B1BB237B10030BFB1 /* congratulation8.png */; settings = {ASSET_TAGS = (); }; };
		9C4CB8AD1BB237B10030BFB1 /* congratulation9.png in Resources */ = {isa = PBXBuildFile; fileRef = 9C4CB87C1BB237B10030BFB1 /* congratulation9.png */; settings = {ASSET_TAGS = (); }; };
		9C4CB8AE1BB237B10030BFB1 /* contrary.png in Resources */ = {isa = PBXBuildFile; fileRef = 9C4CB87D1BB237B10030BFB1 /* contrary.png */; settings = {ASSET_TAGS = (); }; };
		9C4CB8AF1BB237B10030BFB1 /* double.mp3 in Resources */ = {isa = PBXBuildFile; fileRef = 9C4CB87E1BB237B10030BFB1 /* double.mp3 */; settings = {ASSET_TAGS = (); }; };
		9C4CB8B01BB237B10030BFB1 /* fruit1.png in Resources */ = {isa = PBXBuildFile; fileRef = 9C4CB87F1BB237B10030BFB1 /* fruit1.png */; settings = {ASSET_TAGS = (); }; };
		9C4CB8B11BB237B10030BFB1 /* fruit10.png in Resources */ = {isa = PBXBuildFile; fileRef = 9C4CB8801BB237B10030BFB1 /* fruit10.png */; settings = {ASSET_TAGS = (); }; };
		9C4CB8B21BB237B10030BFB1 /* fruit11.png in Resources */ = {isa = PBXBuildFile; fileRef = 9C4CB8811BB237B10030BFB1 /* fruit11.png */; settings = {ASSET_TAGS = (); }; };
		9C4CB8B31BB237B10030BFB1 /* fruit12.png in Resources */ = {isa = PBXBuildFile; fileRef = 9C4CB8821BB237B10030BFB1 /* fruit12.png */; settings = {ASSET_TAGS = (); }; };
		9C4CB8B41BB237B10030BFB1 /* fruit13.png in Resources */ = {isa = PBXBuildFile; fileRef = 9C4CB8831BB237B10030BFB1 /* fruit13.png */; settings = {ASSET_TAGS = (); }; };
		9C4CB8B51BB237B10030BFB1 /* fruit14.png in Resources */ = {isa = PBXBuildFile; fileRef = 9C4CB8841BB237B10030BFB1 /* fruit14.png */; settings = {ASSET_TAGS = (); }; };
		9C4CB8B61BB237B10030BFB1 /* fruit15.png in Resources */ = {isa = PBXBuildFile; fileRef = 9C4CB8851BB237B10030BFB1 /* fruit15.png */; settings = {ASSET_TAGS = (); }; };
		9C4CB8B71BB237B10030BFB1 /* fruit16.png in Resources */ = {isa = PBXBuildFile; fileRef = 9C4CB8861BB237B10030BFB1 /* fruit16.png */; settings = {ASSET_TAGS = (); }; };
		9C4CB8B81BB237B10030BFB1 /* fruit17.png in Resources */ = {isa = PBXBuildFile; fileRef = 9C4CB8871BB237B10030BFB1 /* fruit17.png */; settings = {ASSET_TAGS = (); }; };
		9C4CB8B91BB237B10030BFB1 /* fruit18.png in Resources */ = {isa = PBXBuildFile; fileRef = 9C4CB8881BB237B10030BFB1 /* fruit18.png */; settings = {ASSET_TAGS = (); }; };
		9C4CB8BA1BB237B10030BFB1 /* fruit2.png in Resources */ = {isa = PBXBuildFile; fileRef = 9C4CB8891BB237B10030BFB1 /* fruit2.png */; settings = {ASSET_TAGS = (); }; };
		9C4CB8BB1BB237B10030BFB1 /* fruit3.png in Resources */ = {isa = PBXBuildFile; fileRef = 9C4CB88A1BB237B10030BFB1 /* fruit3.png */; settings = {ASSET_TAGS = (); }; };
		9C4CB8BC1BB237B10030BFB1 /* fruit4.png in Resources */ = {isa = PBXBuildFile; fileRef = 9C4CB88B1BB237B10030BFB1 /* fruit4.png */; settings = {ASSET_TAGS = (); }; };
		9C4CB8BD1BB237B10030BFB1 /* fruit5.png in Resources */ = {isa = PBXBuildFile; fileRef = 9C4CB88C1BB237B10030BFB1 /* fruit5.png */; settings = {ASSET_TAGS = (); }; };
		9C4CB8BE1BB237B10030BFB1 /* fruit6.png in Resources */ = {isa = PBXBuildFile; fileRef = 9C4CB88D1BB237B10030BFB1 /* fruit6.png */; settings = {ASSET_TAGS = (); }; };
		9C4CB8BF1BB237B10030BFB1 /* fruit7.png in Resources */ = {isa = PBXBuildFile; fileRef = 9C4CB88E1BB237B10030BFB1 /* fruit7.png */; settings = {ASSET_TAGS = (); }; };
		9C4CB8C01BB237B10030BFB1 /* fruit8.png in Resources */ = {isa = PBXBuildFile; fileRef = 9C4CB88F1BB237B10030BFB1 /* fruit8.png */; settings = {ASSET_TAGS = (); }; };
		9C4CB8C11BB237B10030BFB1 /* fruit9.png in Resources */ = {isa = PBXBuildFile; fileRef = 9C4CB8901BB237B10030BFB1 /* fruit9.png */; settings = {ASSET_TAGS = (); }; };
		9C4CB8C21BB237B10030BFB1 /* fruit_bg.png in Resources */ = {isa = PBXBuildFile; fileRef = 9C4CB8911BB237B10030BFB1 /* fruit_bg.png */; settings = {ASSET_TAGS = (); }; };
		9C4CB8C31BB237B10030BFB1 /* gameBg.png in Resources */ = {isa = PBXBuildFile; fileRef = 9C4CB8921BB237B10030BFB1 /* gameBg.png */; settings = {ASSET_TAGS = (); }; };
		9C4CB8C41BB237B10030BFB1 /* icon.png in Resources */ = {isa = PBXBuildFile; fileRef = 9C4CB8931BB237B10030BFB1 /* icon.png */; settings = {ASSET_TAGS = (); }; };
		9C4CB8C51BB237B10030BFB1 /* indexBg.png in Resources */ = {isa = PBXBuildFile; fileRef = 9C4CB8941BB237B10030BFB1 /* indexBg.png */; settings = {ASSET_TAGS = (); }; };
		9C4CB8C61BB237B10030BFB1 /* refresh.png in Resources */ = {isa = PBXBuildFile; fileRef = 9C4CB8951BB237B10030BFB1 /* refresh.png */; settings = {ASSET_TAGS = (); }; };
		9C4CB8C71BB237B10030BFB1 /* soundClose.png in Resources */ = {isa = PBXBuildFile; fileRef = 9C4CB8961BB237B10030BFB1 /* soundClose.png */; settings = {ASSET_TAGS = (); }; };
		9C4CB8C81BB237B10030BFB1 /* soundOpen.png in Resources */ = {isa = PBXBuildFile; fileRef = 9C4CB8971BB237B10030BFB1 /* soundOpen.png */; settings = {ASSET_TAGS = (); }; };
/* End PBXBuildFile section */

/* Begin PBXContainerItemProxy section */
		9C1D66121BB12E6700E6D716 /* PBXContainerItemProxy */ = {
			isa = PBXContainerItemProxy;
			containerPortal = 9C1D65F41BB12E6700E6D716 /* Project object */;
			proxyType = 1;
			remoteGlobalIDString = 9C1D65FB1BB12E6700E6D716;
			remoteInfo = WJFanFanGameDemo;
		};
/* End PBXContainerItemProxy section */

/* Begin PBXFileReference section */
		9C1D65FC1BB12E6700E6D716 /* WJFanFanGameDemo.app */ = {isa = PBXFileReference; explicitFileType = wrapper.application; includeInIndex = 0; path = WJFanFanGameDemo.app; sourceTree = BUILT_PRODUCTS_DIR; };
		9C1D66001BB12E6700E6D716 /* Info.plist */ = {isa = PBXFileReference; lastKnownFileType = text.plist.xml; path = Info.plist; sourceTree = "<group>"; };
		9C1D66011BB12E6700E6D716 /* AppDelegate.swift */ = {isa = PBXFileReference; lastKnownFileType = sourcecode.swift; path = AppDelegate.swift; sourceTree = "<group>"; };
		9C1D66031BB12E6700E6D716 /* ViewController.swift */ = {isa = PBXFileReference; lastKnownFileType = sourcecode.swift; path = ViewController.swift; sourceTree = "<group>"; };
		9C1D66061BB12E6700E6D716 /* Base */ = {isa = PBXFileReference; lastKnownFileType = file.storyboard; name = Base; path = Base.lproj/Main.storyboard; sourceTree = "<group>"; };
		9C1D66081BB12E6700E6D716 /* Images.xcassets */ = {isa = PBXFileReference; lastKnownFileType = folder.assetcatalog; path = Images.xcassets; sourceTree = "<group>"; };
		9C1D660B1BB12E6700E6D716 /* Base */ = {isa = PBXFileReference; lastKnownFileType = file.xib; name = Base; path = Base.lproj/LaunchScreen.xib; sourceTree = "<group>"; };
		9C1D66111BB12E6700E6D716 /* WJFanFanGameDemoTests.xctest */ = {isa = PBXFileReference; explicitFileType = wrapper.cfbundle; includeInIndex = 0; path = WJFanFanGameDemoTests.xctest; sourceTree = BUILT_PRODUCTS_DIR; };
		9C1D66161BB12E6700E6D716 /* Info.plist */ = {isa = PBXFileReference; lastKnownFileType = text.plist.xml; path = Info.plist; sourceTree = "<group>"; };
		9C1D66171BB12E6700E6D716 /* WJFanFanGameDemoTests.swift */ = {isa = PBXFileReference; lastKnownFileType = sourcecode.swift; path = WJFanFanGameDemoTests.swift; sourceTree = "<group>"; };
		9C1D66231BB1306B00E6D716 /* FanFanViewController.swift */ = {isa = PBXFileReference; fileEncoding = 4; lastKnownFileType = sourcecode.swift; path = FanFanViewController.swift; sourceTree = "<group>"; };
		9C1D66271BB13CBD00E6D716 /* MyImageView.swift */ = {isa = PBXFileReference; fileEncoding = 4; lastKnownFileType = sourcecode.swift; path = MyImageView.swift; sourceTree = "<group>"; };
		9C4CB8671BB237B10030BFB1 /* bg.mp3 */ = {isa = PBXFileReference; lastKnownFileType = audio.mp3; path = bg.mp3; sourceTree = "<group>"; };
		9C4CB8681BB237B10030BFB1 /* bird1.png */ = {isa = PBXFileReference; lastKnownFileType = image.png; path = bird1.png; sourceTree = "<group>"; };
		9C4CB8691BB237B10030BFB1 /* bird2.png */ = {isa = PBXFileReference; lastKnownFileType = image.png; path = bird2.png; sourceTree = "<group>"; };
		9C4CB86A1BB237B10030BFB1 /* bird3.png */ = {isa = PBXFileReference; lastKnownFileType = image.png; path = bird3.png; sourceTree = "<group>"; };
		9C4CB86B1BB237B10030BFB1 /* bird4.png */ = {isa = PBXFileReference; lastKnownFileType = image.png; path = bird4.png; sourceTree = "<group>"; };
		9C4CB86C1BB237B10030BFB1 /* bird5.png */ = {isa = PBXFileReference; lastKnownFileType = image.png; path = bird5.png; sourceTree = "<group>"; };
		9C4CB86D1BB237B10030BFB1 /* bird6.png */ = {isa = PBXFileReference; lastKnownFileType = image.png; path = bird6.png; sourceTree = "<group>"; };
		9C4CB86E1BB237B10030BFB1 /* bird7.png */ = {isa = PBXFileReference; lastKnownFileType = image.png; path = bird7.png; sourceTree = "<group>"; };
		9C4CB86F1BB237B10030BFB1 /* box.png */ = {isa = PBXFileReference; lastKnownFileType = image.png; path = box.png; sourceTree = "<group>"; };
		9C4CB8701BB237B10030BFB1 /* click.mp3 */ = {isa = PBXFileReference; lastKnownFileType = audio.mp3; path = click.mp3; sourceTree = "<group>"; };
		9C4CB8711BB237B10030BFB1 /* congratulation1.png */ = {isa = PBXFileReference; lastKnownFileType = image.png; path = congratulation1.png; sourceTree = "<group>"; };
		9C4CB8721BB237B10030BFB1 /* congratulation10.png */ = {isa = PBXFileReference; lastKnownFileType = image.png; path = congratulation10.png; sourceTree = "<group>"; };
		9C4CB8731BB237B10030BFB1 /* congratulation11.png */ = {isa = PBXFileReference; lastKnownFileType = image.png; path = congratulation11.png; sourceTree = "<group>"; };
		9C4CB8741BB237B10030BFB1 /* congratulation12.png */ = {isa = PBXFileReference; lastKnownFileType = image.png; path = congratulation12.png; sourceTree = "<group>"; };
		9C4CB8751BB237B10030BFB1 /* congratulation2.png */ = {isa = PBXFileReference; lastKnownFileType = image.png; path = congratulation2.png; sourceTree = "<group>"; };
		9C4CB8761BB237B10030BFB1 /* congratulation3.png */ = {isa = PBXFileReference; lastKnownFileType = image.png; path = congratulation3.png; sourceTree = "<group>"; };
		9C4CB8771BB237B10030BFB1 /* congratulation4.png */ = {isa = PBXFileReference; lastKnownFileType = image.png; path = congratulation4.png; sourceTree = "<group>"; };
		9C4CB8781BB237B10030BFB1 /* congratulation5.png */ = {isa = PBXFileReference; lastKnownFileType = image.png; path = congratulation5.png; sourceTree = "<group>"; };
		9C4CB8791BB237B10030BFB1 /* congratulation6.png */ = {isa = PBXFileReference; lastKnownFileType = image.png; path = congratulation6.png; sourceTree = "<group>"; };
		9C4CB87A1BB237B10030BFB1 /* congratulation7.png */ = {isa = PBXFileReference; lastKnownFileType = image.png; path = congratulation7.png; sourceTree = "<group>"; };
		9C4CB87B1BB237B10030BFB1 /* congratulation8.png */ = {isa = PBXFileReference; lastKnownFileType = image.png; path = congratulation8.png; sourceTree = "<group>"; };
		9C4CB87C1BB237B10030BFB1 /* congratulation9.png */ = {isa = PBXFileReference; lastKnownFileType = image.png; path = congratulation9.png; sourceTree = "<group>"; };
		9C4CB87D1BB237B10030BFB1 /* contrary.png */ = {isa = PBXFileReference; lastKnownFileType = image.png; path = contrary.png; sourceTree = "<group>"; };
		9C4CB87E1BB237B10030BFB1 /* double.mp3 */ = {isa = PBXFileReference; lastKnownFileType = audio.mp3; path = double.mp3; sourceTree = "<group>"; };
		9C4CB87F1BB237B10030BFB1 /* fruit1.png */ = {isa = PBXFileReference; lastKnownFileType = image.png; path = fruit1.png; sourceTree = "<group>"; };
		9C4CB8801BB237B10030BFB1 /* fruit10.png */ = {isa = PBXFileReference; lastKnownFileType = image.png; path = fruit10.png; sourceTree = "<group>"; };
		9C4CB8811BB237B10030BFB1 /* fruit11.png */ = {isa = PBXFileReference; lastKnownFileType = image.png; path = fruit11.png; sourceTree = "<group>"; };
		9C4CB8821BB237B10030BFB1 /* fruit12.png */ = {isa = PBXFileReference; lastKnownFileType = image.png; path = fruit12.png; sourceTree = "<group>"; };
		9C4CB8831BB237B10030BFB1 /* fruit13.png */ = {isa = PBXFileReference; lastKnownFileType = image.png; path = fruit13.png; sourceTree = "<group>"; };
		9C4CB8841BB237B10030BFB1 /* fruit14.png */ = {isa = PBXFileReference; lastKnownFileType = image.png; path = fruit14.png; sourceTree = "<group>"; };
		9C4CB8851BB237B10030BFB1 /* fruit15.png */ = {isa = PBXFileReference; lastKnownFileType = image.png; path = fruit15.png; sourceTree = "<group>"; };
		9C4CB8861BB237B10030BFB1 /* fruit16.png */ = {isa = PBXFileReference; lastKnownFileType = image.png; path = fruit16.png; sourceTree = "<group>"; };
		9C4CB8871BB237B10030BFB1 /* fruit17.png */ = {isa = PBXFileReference; lastKnownFileType = image.png; path = fruit17.png; sourceTree = "<group>"; };
		9C4CB8881BB237B10030BFB1 /* fruit18.png */ = {isa = PBXFileReference; lastKnownFileType = image.png; path = fruit18.png; sourceTree = "<group>"; };
		9C4CB8891BB237B10030BFB1 /* fruit2.png */ = {isa = PBXFileReference; lastKnownFileType = image.png; path = fruit2.png; sourceTree = "<group>"; };
		9C4CB88A1BB237B10030BFB1 /* fruit3.png */ = {isa = PBXFileReference; lastKnownFileType = image.png; path = fruit3.png; sourceTree = "<group>"; };
		9C4CB88B1BB237B10030BFB1 /* fruit4.png */ = {isa = PBXFileReference; lastKnownFileType = image.png; path = fruit4.png; sourceTree = "<group>"; };
		9C4CB88C1BB237B10030BFB1 /* fruit5.png */ = {isa = PBXFileReference; lastKnownFileType = image.png; path = fruit5.png; sourceTree = "<group>"; };
		9C4CB88D1BB237B10030BFB1 /* fruit6.png */ = {isa = PBXFileReference; lastKnownFileType = image.png; path = fruit6.png; sourceTree = "<group>"; };
		9C4CB88E1BB237B10030BFB1 /* fruit7.png */ = {isa = PBXFileReference; lastKnownFileType = image.png; path = fruit7.png; sourceTree = "<group>"; };
		9C4CB88F1BB237B10030BFB1 /* fruit8.png */ = {isa = PBXFileReference; lastKnownFileType = image.png; path = fruit8.png; sourceTree = "<group>"; };
		9C4CB8901BB237B10030BFB1 /* fruit9.png */ = {isa = PBXFileReference; lastKnownFileType = image.png; path = fruit9.png; sourceTree = "<group>"; };
		9C4CB8911BB237B10030BFB1 /* fruit_bg.png */ = {isa = PBXFileReference; lastKnownFileType = image.png; path = fruit_bg.png; sourceTree = "<group>"; };
		9C4CB8921BB237B10030BFB1 /* gameBg.png */ = {isa = PBXFileReference; lastKnownFileType = image.png; path = gameBg.png; sourceTree = "<group>"; };
		9C4CB8931BB237B10030BFB1 /* icon.png */ = {isa = PBXFileReference; lastKnownFileType = image.png; path = icon.png; sourceTree = "<group>"; };
		9C4CB8941BB237B10030BFB1 /* indexBg.png */ = {isa = PBXFileReference; lastKnownFileType = image.png; path = indexBg.png; sourceTree = "<group>"; };
		9C4CB8951BB237B10030BFB1 /* refresh.png */ = {isa = PBXFileReference; lastKnownFileType = image.png; path = refresh.png; sourceTree = "<group>"; };
		9C4CB8961BB237B10030BFB1 /* soundClose.png */ = {isa = PBXFileReference; lastKnownFileType = image.png; path = soundClose.png; sourceTree = "<group>"; };
		9C4CB8971BB237B10030BFB1 /* soundOpen.png */ = {isa = PBXFileReference; lastKnownFileType = image.png; path = soundOpen.png; sourceTree = "<group>"; };
/* End PBXFileReference section */

/* Begin PBXFrameworksBuildPhase section */
		9C1D65F91BB12E6700E6D716 /* Frameworks */ = {
			isa = PBXFrameworksBuildPhase;
			buildActionMask = 2147483647;
			files = (
			);
			runOnlyForDeploymentPostprocessing = 0;
		};
		9C1D660E1BB12E6700E6D716 /* Frameworks */ = {
			isa = PBXFrameworksBuildPhase;
			buildActionMask = 2147483647;
			files = (
			);
			runOnlyForDeploymentPostprocessing = 0;
		};
/* End PBXFrameworksBuildPhase section */

/* Begin PBXGroup section */
		9C1D65F31BB12E6700E6D716 = {
			isa = PBXGroup;
			children = (
				9C1D65FE1BB12E6700E6D716 /* WJFanFanGameDemo */,
				9C1D66141BB12E6700E6D716 /* WJFanFanGameDemoTests */,
				9C1D65FD1BB12E6700E6D716 /* Products */,
			);
			sourceTree = "<group>";
		};
		9C1D65FD1BB12E6700E6D716 /* Products */ = {
			isa = PBXGroup;
			children = (
				9C1D65FC1BB12E6700E6D716 /* WJFanFanGameDemo.app */,
				9C1D66111BB12E6700E6D716 /* WJFanFanGameDemoTests.xctest */,
			);
			name = Products;
			sourceTree = "<group>";
		};
		9C1D65FE1BB12E6700E6D716 /* WJFanFanGameDemo */ = {
			isa = PBXGroup;
			children = (
				9C4CB8661BB237B10030BFB1 /* FFResource */,
				9C1D66011BB12E6700E6D716 /* AppDelegate.swift */,
				9C1D66031BB12E6700E6D716 /* ViewController.swift */,
				9C1D66271BB13CBD00E6D716 /* MyImageView.swift */,
				9C1D66231BB1306B00E6D716 /* FanFanViewController.swift */,
				9C1D66051BB12E6700E6D716 /* Main.storyboard */,
				9C1D66081BB12E6700E6D716 /* Images.xcassets */,
				9C1D660A1BB12E6700E6D716 /* LaunchScreen.xib */,
				9C1D65FF1BB12E6700E6D716 /* Supporting Files */,
			);
			path = WJFanFanGameDemo;
			sourceTree = "<group>";
		};
		9C1D65FF1BB12E6700E6D716 /* Supporting Files */ = {
			isa = PBXGroup;
			children = (
				9C1D66001BB12E6700E6D716 /* Info.plist */,
			);
			name = "Supporting Files";
			sourceTree = "<group>";
		};
		9C1D66141BB12E6700E6D716 /* WJFanFanGameDemoTests */ = {
			isa = PBXGroup;
			children = (
				9C1D66171BB12E6700E6D716 /* WJFanFanGameDemoTests.swift */,
				9C1D66151BB12E6700E6D716 /* Supporting Files */,
			);
			path = WJFanFanGameDemoTests;
			sourceTree = "<group>";
		};
		9C1D66151BB12E6700E6D716 /* Supporting Files */ = {
			isa = PBXGroup;
			children = (
				9C1D66161BB12E6700E6D716 /* Info.plist */,
			);
			name = "Supporting Files";
			sourceTree = "<group>";
		};
		9C4CB8661BB237B10030BFB1 /* FFResource */ = {
			isa = PBXGroup;
			children = (
				9C4CB8671BB237B10030BFB1 /* bg.mp3 */,
				9C4CB8681BB237B10030BFB1 /* bird1.png */,
				9C4CB8691BB237B10030BFB1 /* bird2.png */,
				9C4CB86A1BB237B10030BFB1 /* bird3.png */,
				9C4CB86B1BB237B10030BFB1 /* bird4.png */,
				9C4CB86C1BB237B10030BFB1 /* bird5.png */,
				9C4CB86D1BB237B10030BFB1 /* bird6.png */,
				9C4CB86E1BB237B10030BFB1 /* bird7.png */,
				9C4CB86F1BB237B10030BFB1 /* box.png */,
				9C4CB8701BB237B10030BFB1 /* click.mp3 */,
				9C4CB8711BB237B10030BFB1 /* congratulation1.png */,
				9C4CB8721BB237B10030BFB1 /* congratulation10.png */,
				9C4CB8731BB237B10030BFB1 /* congratulation11.png */,
				9C4CB8741BB237B10030BFB1 /* congratulation12.png */,
				9C4CB8751BB237B10030BFB1 /* congratulation2.png */,
				9C4CB8761BB237B10030BFB1 /* congratulation3.png */,
				9C4CB8771BB237B10030BFB1 /* congratulation4.png */,
				9C4CB8781BB237B10030BFB1 /* congratulation5.png */,
				9C4CB8791BB237B10030BFB1 /* congratulation6.png */,
				9C4CB87A1BB237B10030BFB1 /* congratulation7.png */,
				9C4CB87B1BB237B10030BFB1 /* congratulation8.png */,
				9C4CB87C1BB237B10030BFB1 /* congratulation9.png */,
				9C4CB87D1BB237B10030BFB1 /* contrary.png */,
				9C4CB87E1BB237B10030BFB1 /* double.mp3 */,
				9C4CB87F1BB237B10030BFB1 /* fruit1.png */,
				9C4CB8801BB237B10030BFB1 /* fruit10.png */,
				9C4CB8811BB237B10030BFB1 /* fruit11.png */,
				9C4CB8821BB237B10030BFB1 /* fruit12.png */,
				9C4CB8831BB237B10030BFB1 /* fruit13.png */,
				9C4CB8841BB237B10030BFB1 /* fruit14.png */,
				9C4CB8851BB237B10030BFB1 /* fruit15.png */,
				9C4CB8861BB237B10030BFB1 /* fruit16.png */,
				9C4CB8871BB237B10030BFB1 /* fruit17.png */,
				9C4CB8881BB237B10030BFB1 /* fruit18.png */,
				9C4CB8891BB237B10030BFB1 /* fruit2.png */,
				9C4CB88A1BB237B10030BFB1 /* fruit3.png */,
				9C4CB88B1BB237B10030BFB1 /* fruit4.png */,
				9C4CB88C1BB237B10030BFB1 /* fruit5.png */,
				9C4CB88D1BB237B10030BFB1 /* fruit6.png */,
				9C4CB88E1BB237B10030BFB1 /* fruit7.png */,
				9C4CB88F1BB237B10030BFB1 /* fruit8.png */,
				9C4CB8901BB237B10030BFB1 /* fruit9.png */,
				9C4CB8911BB237B10030BFB1 /* fruit_bg.png */,
				9C4CB8921BB237B10030BFB1 /* gameBg.png */,
				9C4CB8931BB237B10030BFB1 /* icon.png */,
				9C4CB8941BB237B10030BFB1 /* indexBg.png */,
				9C4CB8951BB237B10030BFB1 /* refresh.png */,
				9C4CB8961BB237B10030BFB1 /* soundClose.png */,
				9C4CB8971BB237B10030BFB1 /* soundOpen.png */,
			);
			path = FFResource;
			sourceTree = "<group>";
		};
/* End PBXGroup section */

/* Begin PBXNativeTarget section */
		9C1D65FB1BB12E6700E6D716 /* WJFanFanGameDemo */ = {
			isa = PBXNativeTarget;
			buildConfigurationList = 9C1D661B1BB12E6700E6D716 /* Build configuration list for PBXNativeTarget "WJFanFanGameDemo" */;
			buildPhases = (
				9C1D65F81BB12E6700E6D716 /* Sources */,
				9C1D65F91BB12E6700E6D716 /* Frameworks */,
				9C1D65FA1BB12E6700E6D716 /* Resources */,
			);
			buildRules = (
			);
			dependencies = (
			);
			name = WJFanFanGameDemo;
			productName = WJFanFanGameDemo;
			productReference = 9C1D65FC1BB12E6700E6D716 /* WJFanFanGameDemo.app */;
			productType = "com.apple.product-type.application";
		};
		9C1D66101BB12E6700E6D716 /* WJFanFanGameDemoTests */ = {
			isa = PBXNativeTarget;
			buildConfigurationList = 9C1D661E1BB12E6700E6D716 /* Build configuration list for PBXNativeTarget "WJFanFanGameDemoTests" */;
			buildPhases = (
				9C1D660D1BB12E6700E6D716 /* Sources */,
				9C1D660E1BB12E6700E6D716 /* Frameworks */,
				9C1D660F1BB12E6700E6D716 /* Resources */,
			);
			buildRules = (
			);
			dependencies = (
				9C1D66131BB12E6700E6D716 /* PBXTargetDependency */,
			);
			name = WJFanFanGameDemoTests;
			productName = WJFanFanGameDemoTests;
			productReference = 9C1D66111BB12E6700E6D716 /* WJFanFanGameDemoTests.xctest */;
			productType = "com.apple.product-type.bundle.unit-test";
		};
/* End PBXNativeTarget section */

/* Begin PBXProject section */
		9C1D65F41BB12E6700E6D716 /* Project object */ = {
			isa = PBXProject;
			attributes = {
				LastSwiftMigration = 0700;
				LastSwiftUpdateCheck = 0700;
				LastUpgradeCheck = 0700;
				ORGANIZATIONNAME = WJ;
				TargetAttributes = {
					9C1D65FB1BB12E6700E6D716 = {
						CreatedOnToolsVersion = 6.4;
					};
					9C1D66101BB12E6700E6D716 = {
						CreatedOnToolsVersion = 6.4;
						TestTargetID = 9C1D65FB1BB12E6700E6D716;
					};
				};
			};
			buildConfigurationList = 9C1D65F71BB12E6700E6D716 /* Build configuration list for PBXProject "WJFanFanGameDemo" */;
			compatibilityVersion = "Xcode 3.2";
			developmentRegion = English;
			hasScannedForEncodings = 0;
			knownRegions = (
				en,
				Base,
			);
			mainGroup = 9C1D65F31BB12E6700E6D716;
			productRefGroup = 9C1D65FD1BB12E6700E6D716 /* Products */;
			projectDirPath = "";
			projectRoot = "";
			targets = (
				9C1D65FB1BB12E6700E6D716 /* WJFanFanGameDemo */,
				9C1D66101BB12E6700E6D716 /* WJFanFanGameDemoTests */,
			);
		};
/* End PBXProject section */

/* Begin PBXResourcesBuildPhase section */
		9C1D65FA1BB12E6700E6D716 /* Resources */ = {
			isa = PBXResourcesBuildPhase;
			buildActionMask = 2147483647;
			files = (
				9C4CB89F1BB237B10030BFB1 /* bird7.png in Resources */,
				9C4CB8C21BB237B10030BFB1 /* fruit_bg.png in Resources */,
				9C4CB8991BB237B10030BFB1 /* bird1.png in Resources */,
				9C4CB89C1BB237B10030BFB1 /* bird4.png in Resources */,
				9C4CB8B51BB237B10030BFB1 /* fruit14.png in Resources */,
				9C4CB8B11BB237B10030BFB1 /* fruit10.png in Resources */,
				9C4CB8AE1BB237B10030BFB1 /* contrary.png in Resources */,
				9C4CB8BD1BB237B10030BFB1 /* fruit5.png in Resources */,
				9C4CB8B01BB237B10030BFB1 /* fruit1.png in Resources */,
				9C4CB8A51BB237B10030BFB1 /* congratulation12.png in Resources */,
				9C4CB8AF1BB237B10030BFB1 /* double.mp3 in Resources */,
				9C4CB8BB1BB237B10030BFB1 /* fruit3.png in Resources */,
				9C4CB8A81BB237B10030BFB1 /* congratulation4.png in Resources */,
				9C4CB8B61BB237B10030BFB1 /* fruit15.png in Resources */,
				9C4CB8A41BB237B10030BFB1 /* congratulation11.png in Resources */,
				9C4CB8B71BB237B10030BFB1 /* fruit16.png in Resources */,
				9C4CB8A11BB237B10030BFB1 /* click.mp3 in Resources */,
				9C4CB8AB1BB237B10030BFB1 /* congratulation7.png in Resources */,
				9C4CB8C31BB237B10030BFB1 /* gameBg.png in Resources */,
				9C4CB8C61BB237B10030BFB1 /* refresh.png in Resources */,
				9C4CB8B41BB237B10030BFB1 /* fruit13.png in Resources */,
				9C4CB8C41BB237B10030BFB1 /* icon.png in Resources */,
				9C4CB8B21BB237B10030BFB1 /* fruit11.png in Resources */,
				9C4CB8A01BB237B10030BFB1 /* box.png in Resources */,
				9C4CB8BC1BB237B10030BFB1 /* fruit4.png in Resources */,
				9C4CB8AA1BB237B10030BFB1 /* congratulation6.png in Resources */,
				9C4CB89D1BB237B10030BFB1 /* bird5.png in Resources */,
				9C4CB8C51BB237B10030BFB1 /* indexBg.png in Resources */,
				9C4CB8C01BB237B10030BFB1 /* fruit8.png in Resources */,
				9C1D66071BB12E6700E6D716 /* Main.storyboard in Resources */,
				9C4CB8A91BB237B10030BFB1 /* congratulation5.png in Resources */,
				9C4CB8A21BB237B10030BFB1 /* congratulation1.png in Resources */,
				9C4CB8B31BB237B10030BFB1 /* fruit12.png in Resources */,
				9C4CB8BE1BB237B10030BFB1 /* fruit6.png in Resources */,
				9C4CB8B81BB237B10030BFB1 /* fruit17.png in Resources */,
				9C4CB8A61BB237B10030BFB1 /* congratulation2.png in Resources */,
				9C4CB8981BB237B10030BFB1 /* bg.mp3 in Resources */,
				9C4CB8AC1BB237B10030BFB1 /* congratulation8.png in Resources */,
				9C4CB8B91BB237B10030BFB1 /* fruit18.png in Resources */,
				9C4CB89E1BB237B10030BFB1 /* bird6.png in Resources */,
				9C1D660C1BB12E6700E6D716 /* LaunchScreen.xib in Resources */,
				9C1D66091BB12E6700E6D716 /* Images.xcassets in Resources */,
				9C4CB89B1BB237B10030BFB1 /* bird3.png in Resources */,
				9C4CB8C81BB237B10030BFB1 /* soundOpen.png in Resources */,
				9C4CB8BA1BB237B10030BFB1 /* fruit2.png in Resources */,
				9C4CB8C11BB237B10030BFB1 /* fruit9.png in Resources */,
				9C4CB89A1BB237B10030BFB1 /* bird2.png in Resources */,
				9C4CB8BF1BB237B10030BFB1 /* fruit7.png in Resources */,
				9C4CB8A31BB237B10030BFB1 /* congratulation10.png in Resources */,
				9C4CB8C71BB237B10030BFB1 /* soundClose.png in Resources */,
				9C4CB8A71BB237B10030BFB1 /* congratulation3.png in Resources */,
				9C4CB8AD1BB237B10030BFB1 /* congratulation9.png in Resources */,
			);
			runOnlyForDeploymentPostprocessing = 0;
		};
		9C1D660F1BB12E6700E6D716 /* Resources */ = {
			isa = PBXResourcesBuildPhase;
			buildActionMask = 2147483647;
			files = (
			);
			runOnlyForDeploymentPostprocessing = 0;
		};
/* End PBXResourcesBuildPhase section */

/* Begin PBXSourcesBuildPhase section */
		9C1D65F81BB12E6700E6D716 /* Sources */ = {
			isa = PBXSourcesBuildPhase;
			buildActionMask = 2147483647;
			files = (
				9C1D66281BB13CBD00E6D716 /* MyImageView.swift in Sources */,
				9C1D66041BB12E6700E6D716 /* ViewController.swift in Sources */,
				9C1D66241BB1306B00E6D716 /* FanFanViewController.swift in Sources */,
				9C1D66021BB12E6700E6D716 /* AppDelegate.swift in Sources */,
			);
			runOnlyForDeploymentPostprocessing = 0;
		};
		9C1D660D1BB12E6700E6D716 /* Sources */ = {
			isa = PBXSourcesBuildPhase;
			buildActionMask = 2147483647;
			files = (
				9C1D66181BB12E6700E6D716 /* WJFanFanGameDemoTests.swift in Sources */,
			);
			runOnlyForDeploymentPostprocessing = 0;
		};
/* End PBXSourcesBuildPhase section */

/* Begin PBXTargetDependency section */
		9C1D66131BB12E6700E6D716 /* PBXTargetDependency */ = {
			isa = PBXTargetDependency;
			target = 9C1D65FB1BB12E6700E6D716 /* WJFanFanGameDemo */;
			targetProxy = 9C1D66121BB12E6700E6D716 /* PBXContainerItemProxy */;
		};
/* End PBXTargetDependency section */

/* Begin PBXVariantGroup section */
		9C1D66051BB12E6700E6D716 /* Main.storyboard */ = {
			isa = PBXVariantGroup;
			children = (
				9C1D66061BB12E6700E6D716 /* Base */,
			);
			name = Main.storyboard;
			sourceTree = "<group>";
		};
		9C1D660A1BB12E6700E6D716 /* LaunchScreen.xib */ = {
			isa = PBXVariantGroup;
			children = (
				9C1D660B1BB12E6700E6D716 /* Base */,
			);
			name = LaunchScreen.xib;
			sourceTree = "<group>";
		};
/* End PBXVariantGroup section */

/* Begin XCBuildConfiguration section */
		9C1D66191BB12E6700E6D716 /* Debug */ = {
			isa = XCBuildConfiguration;
			buildSettings = {
				ALWAYS_SEARCH_USER_PATHS = NO;
				CLANG_CXX_LANGUAGE_STANDARD = "gnu++0x";
				CLANG_CXX_LIBRARY = "libc++";
				CLANG_ENABLE_MODULES = YES;
				CLANG_ENABLE_OBJC_ARC = YES;
				CLANG_WARN_BOOL_CONVERSION = YES;
				CLANG_WARN_CONSTANT_CONVERSION = YES;
				CLANG_WARN_DIRECT_OBJC_ISA_USAGE = YES_ERROR;
				CLANG_WARN_EMPTY_BODY = YES;
				CLANG_WARN_ENUM_CONVERSION = YES;
				CLANG_WARN_INT_CONVERSION = YES;
				CLANG_WARN_OBJC_ROOT_CLASS = YES_ERROR;
				CLANG_WARN_UNREACHABLE_CODE = YES;
				CLANG_WARN__DUPLICATE_METHOD_MATCH = YES;
				"CODE_SIGN_IDENTITY[sdk=iphoneos*]" = "iPhone Developer";
				COPY_PHASE_STRIP = NO;
				DEBUG_INFORMATION_FORMAT = "dwarf-with-dsym";
				ENABLE_STRICT_OBJC_MSGSEND = YES;
				ENABLE_TESTABILITY = YES;
				GCC_C_LANGUAGE_STANDARD = gnu99;
				GCC_DYNAMIC_NO_PIC = NO;
				GCC_NO_COMMON_BLOCKS = YES;
				GCC_OPTIMIZATION_LEVEL = 0;
				GCC_PREPROCESSOR_DEFINITIONS = (
					"DEBUG=1",
					"$(inherited)",
				);
				GCC_SYMBOLS_PRIVATE_EXTERN = NO;
				GCC_WARN_64_TO_32_BIT_CONVERSION = YES;
				GCC_WARN_ABOUT_RETURN_TYPE = YES_ERROR;
				GCC_WARN_UNDECLARED_SELECTOR = YES;
				GCC_WARN_UNINITIALIZED_AUTOS = YES_AGGRESSIVE;
				GCC_WARN_UNUSED_FUNCTION = YES;
				GCC_WARN_UNUSED_VARIABLE = YES;
				IPHONEOS_DEPLOYMENT_TARGET = 8.4;
				MTL_ENABLE_DEBUG_INFO = YES;
				ONLY_ACTIVE_ARCH = YES;
				SDKROOT = iphoneos;
				SWIFT_OPTIMIZATION_LEVEL = "-Onone";
			};
			name = Debug;
		};
		9C1D661A1BB12E6700E6D716 /* Release */ = {
			isa = XCBuildConfiguration;
			buildSettings = {
				ALWAYS_SEARCH_USER_PATHS = NO;
				CLANG_CXX_LANGUAGE_STANDARD = "gnu++0x";
				CLANG_CXX_LIBRARY = "libc++";
				CLANG_ENABLE_MODULES = YES;
				CLANG_ENABLE_OBJC_ARC = YES;
				CLANG_WARN_BOOL_CONVERSION = YES;
				CLANG_WARN_CONSTANT_CONVERSION = YES;
				CLANG_WARN_DIRECT_OBJC_ISA_USAGE = YES_ERROR;
				CLANG_WARN_EMPTY_BODY = YES;
				CLANG_WARN_ENUM_CONVERSION = YES;
				CLANG_WARN_INT_CONVERSION = YES;
				CLANG_WARN_OBJC_ROOT_CLASS = YES_ERROR;
				CLANG_WARN_UNREACHABLE_CODE = YES;
				CLANG_WARN__DUPLICATE_METHOD_MATCH = YES;
				"CODE_SIGN_IDENTITY[sdk=iphoneos*]" = "iPhone Developer";
				COPY_PHASE_STRIP = NO;
				DEBUG_INFORMATION_FORMAT = "dwarf-with-dsym";
				ENABLE_NS_ASSERTIONS = NO;
				ENABLE_STRICT_OBJC_MSGSEND = YES;
				GCC_C_LANGUAGE_STANDARD = gnu99;
				GCC_NO_COMMON_BLOCKS = YES;
				GCC_WARN_64_TO_32_BIT_CONVERSION = YES;
				GCC_WARN_ABOUT_RETURN_TYPE = YES_ERROR;
				GCC_WARN_UNDECLARED_SELECTOR = YES;
				GCC_WARN_UNINITIALIZED_AUTOS = YES_AGGRESSIVE;
				GCC_WARN_UNUSED_FUNCTION = YES;
				GCC_WARN_UNUSED_VARIABLE = YES;
				IPHONEOS_DEPLOYMENT_TARGET = 8.4;
				MTL_ENABLE_DEBUG_INFO = NO;
				SDKROOT = iphoneos;
				VALIDATE_PRODUCT = YES;
			};
			name = Release;
		};
		9C1D661C1BB12E6700E6D716 /* Debug */ = {
			isa = XCBuildConfiguration;
			buildSettings = {
				ASSETCATALOG_COMPILER_APPICON_NAME = AppIcon;
				INFOPLIST_FILE = WJFanFanGameDemo/Info.plist;
				LD_RUNPATH_SEARCH_PATHS = "$(inherited) @executable_path/Frameworks";
				PRODUCT_BUNDLE_IDENTIFIER = "WJ.$(PRODUCT_NAME:rfc1034identifier)";
				PRODUCT_NAME = "$(TARGET_NAME)";
			};
			name = Debug;
		};
		9C1D661D1BB12E6700E6D716 /* Release */ = {
			isa = XCBuildConfiguration;
			buildSettings = {
				ASSETCATALOG_COMPILER_APPICON_NAME = AppIcon;
				INFOPLIST_FILE = WJFanFanGameDemo/Info.plist;
				LD_RUNPATH_SEARCH_PATHS = "$(inherited) @executable_path/Frameworks";
				PRODUCT_BUNDLE_IDENTIFIER = "WJ.$(PRODUCT_NAME:rfc1034identifier)";
				PRODUCT_NAME = "$(TARGET_NAME)";
			};
			name = Release;
		};
		9C1D661F1BB12E6700E6D716 /* Debug */ = {
			isa = XCBuildConfiguration;
			buildSettings = {
				BUNDLE_LOADER = "$(TEST_HOST)";
				FRAMEWORK_SEARCH_PATHS = (
					"$(SDKROOT)/Developer/Library/Frameworks",
					"$(inherited)",
				);
				GCC_PREPROCESSOR_DEFINITIONS = (
					"DEBUG=1",
					"$(inherited)",
				);
				INFOPLIST_FILE = WJFanFanGameDemoTests/Info.plist;
				LD_RUNPATH_SEARCH_PATHS = "$(inherited) @executable_path/Frameworks @loader_path/Frameworks";
				PRODUCT_BUNDLE_IDENTIFIER = "WJ.$(PRODUCT_NAME:rfc1034identifier)";
				PRODUCT_NAME = "$(TARGET_NAME)";
				TEST_HOST = "$(BUILT_PRODUCTS_DIR)/WJFanFanGameDemo.app/WJFanFanGameDemo";
			};
			name = Debug;
		};
		9C1D66201BB12E6700E6D716 /* Release */ = {
			isa = XCBuildConfiguration;
			buildSettings = {
				BUNDLE_LOADER = "$(TEST_HOST)";
				FRAMEWORK_SEARCH_PATHS = (
					"$(SDKROOT)/Developer/Library/Frameworks",
					"$(inherited)",
				);
				INFOPLIST_FILE = WJFanFanGameDemoTests/Info.plist;
				LD_RUNPATH_SEARCH_PATHS = "$(inherited) @executable_path/Frameworks @loader_path/Frameworks";
				PRODUCT_BUNDLE_IDENTIFIER = "WJ.$(PRODUCT_NAME:rfc1034identifier)";
				PRODUCT_NAME = "$(TARGET_NAME)";
				TEST_HOST = "$(BUILT_PRODUCTS_DIR)/WJFanFanGameDemo.app/WJFanFanGameDemo";
			};
			name = Release;
		};
/* End XCBuildConfiguration section */

/* Begin XCConfigurationList section */
		9C1D65F71BB12E6700E6D716 /* Build configuration list for PBXProject "WJFanFanGameDemo" */ = {
			isa = XCConfigurationList;
			buildConfigurations = (
				9C1D66191BB12E6700E6D716 /* Debug */,
				9C1D661A1BB12E6700E6D716 /* Release */,
			);
			defaultConfigurationIsVisible = 0;
			defaultConfigurationName = Release;
		};
		9C1D661B1BB12E6700E6D716 /* Build configuration list for PBXNativeTarget "WJFanFanGameDemo" */ = {
			isa = XCConfigurationList;
			buildConfigurations = (
				9C1D661C1BB12E6700E6D716 /* Debug */,
				9C1D661D1BB12E6700E6D716 /* Release */,
			);
			defaultConfigurationIsVisible = 0;
			defaultConfigurationName = Release;
		};
		9C1D661E1BB12E6700E6D716 /* Build configuration list for PBXNativeTarget "WJFanFanGameDemoTests" */ = {
			isa = XCConfigurationList;
			buildConfigurations = (
				9C1D661F1BB12E6700E6D716 /* Debug */,
				9C1D66201BB12E6700E6D716 /* Release */,
			);
			defaultConfigurationIsVisible = 0;
			defaultConfigurationName = Release;
		};
/* End XCConfigurationList section */
	};
	rootObject = 9C1D65F41BB12E6700E6D716 /* Project object */;
}
